
Microsoft Visual Studio Solution File, Format Version 12.00
# Visual Studio Version 17
VisualStudioVersion = 17.8.34322.80
MinimumVisualStudioVersion = 10.0.40219.1
Project("{FAE04EC0-301F-11D3-BF4B-00C04F79EFBC}") = "Design_Pattern", "Design_Pattern\Design_Pattern.csproj", "{F7DBB4FE-4690-4404-842C-B05CEDA35B4B}"
EndProject
Global
	GlobalSection(SolutionConfigurationPlatforms) = preSolution
		Debug|Any CPU = Debug|Any CPU
		Release|Any CPU = Release|Any CPU
	EndGlobalSection
	GlobalSection(ProjectConfigurationPlatforms) = postSolution
		{F7DBB4FE-4690-4404-842C-B05CEDA35B4B}.Debug|Any CPU.ActiveCfg = Debug|Any CPU
		{F7DBB4FE-4690-4404-842C-B05CEDA35B4B}.Debug|Any CPU.Build.0 = Debug|Any CPU
		{F7DBB4FE-4690-4404-842C-B05CEDA35B4B}.Release|Any CPU.ActiveCfg = Release|Any CPU
		{F7DBB4FE-4690-4404-842C-B05CEDA35B4B}.Release|Any CPU.Build.0 = Release|Any CPU
	EndGlobalSection
	GlobalSection(SolutionProperties) = preSolution
		HideSolutionNode = FALSE
	EndGlobalSection
	GlobalSection(ExtensibilityGlobals) = postSolution
		SolutionGuid = {C8C99E6B-5A25-40DE-94B1-0ECAD62062C3}
	EndGlobalSection
EndGlobal
